// !$*UTF8*$!
{
	archiveVersion = 1;
	classes = {
	};
	objectVersion = 48;
	objects = {

/* Begin PBXBuildFile section */
		EE6AD78B1F840423006BC1ED /* FeedCell.swift in Sources */ = {isa = PBXBuildFile; fileRef = EE6AD78A1F840423006BC1ED /* FeedCell.swift */; };
		EE6AD78D1F840596006BC1ED /* Message.swift in Sources */ = {isa = PBXBuildFile; fileRef = EE6AD78C1F840596006BC1ED /* Message.swift */; };
		EE6AD7911F8409D5006BC1ED /* Constants.swift in Sources */ = {isa = PBXBuildFile; fileRef = EE6AD7901F8409D5006BC1ED /* Constants.swift */; };
		EE95C36C1F893EAA00D01A87 /* GroupCell.swift in Sources */ = {isa = PBXBuildFile; fileRef = EE95C36B1F893EAA00D01A87 /* GroupCell.swift */; };
		EE95C36E1F89590400D01A87 /* Groups.swift in Sources */ = {isa = PBXBuildFile; fileRef = EE95C36D1F89590400D01A87 /* Groups.swift */; };
		EE968F271F7D917F0004E654 /* AppDelegate.swift in Sources */ = {isa = PBXBuildFile; fileRef = EE968F261F7D917F0004E654 /* AppDelegate.swift */; };
		EE968F291F7D917F0004E654 /* FeedVC.swift in Sources */ = {isa = PBXBuildFile; fileRef = EE968F281F7D917F0004E654 /* FeedVC.swift */; };
		EE968F2B1F7D917F0004E654 /* GroupsVC.swift in Sources */ = {isa = PBXBuildFile; fileRef = EE968F2A1F7D917F0004E654 /* GroupsVC.swift */; };
		EE968F2E1F7D917F0004E654 /* Main.storyboard in Resources */ = {isa = PBXBuildFile; fileRef = EE968F2C1F7D917F0004E654 /* Main.storyboard */; };
		EE968F301F7D917F0004E654 /* Assets.xcassets in Resources */ = {isa = PBXBuildFile; fileRef = EE968F2F1F7D917F0004E654 /* Assets.xcassets */; };
		EE968F331F7D917F0004E654 /* LaunchScreen.storyboard in Resources */ = {isa = PBXBuildFile; fileRef = EE968F311F7D917F0004E654 /* LaunchScreen.storyboard */; };
		EE968F411F7DCA4E0004E654 /* DataService.swift in Sources */ = {isa = PBXBuildFile; fileRef = EE968F401F7DCA4E0004E654 /* DataService.swift */; };
		EE9A960C1F7DCF9D0008274E /* GradientView.swift in Sources */ = {isa = PBXBuildFile; fileRef = EE968F421F7DCE750004E654 /* GradientView.swift */; };
		EE9BF5D01F7EB3420053E705 /* AuthVC.swift in Sources */ = {isa = PBXBuildFile; fileRef = EE9BF5CF1F7EB3420053E705 /* AuthVC.swift */; };
		EE9BF5D21F7EB4660053E705 /* LoginVC.swift in Sources */ = {isa = PBXBuildFile; fileRef = EE9BF5D11F7EB4660053E705 /* LoginVC.swift */; };
		EE9BF5D41F7EB4C70053E705 /* InsetTextField.swift in Sources */ = {isa = PBXBuildFile; fileRef = EE9BF5D31F7EB4C70053E705 /* InsetTextField.swift */; };
		EE9BF5D51F7EE1730053E705 /* GoogleService-Info.plist in Resources */ = {isa = PBXBuildFile; fileRef = EE968F3E1F7DC7C10004E654 /* GoogleService-Info.plist */; };
		EE9BF5D71F7EE3B00053E705 /* ShadowView.swift in Sources */ = {isa = PBXBuildFile; fileRef = EE9BF5D61F7EE3B00053E705 /* ShadowView.swift */; };
		EEB71A1F1F82C638007717C8 /* MeVC.swift in Sources */ = {isa = PBXBuildFile; fileRef = EEB71A1E1F82C638007717C8 /* MeVC.swift */; };
		EEB71A211F82CA64007717C8 /* CreatePostVC.swift in Sources */ = {isa = PBXBuildFile; fileRef = EEB71A201F82CA64007717C8 /* CreatePostVC.swift */; };
		EEB71A231F82D95D007717C8 /* UIViewExt.swift in Sources */ = {isa = PBXBuildFile; fileRef = EEB71A221F82D95D007717C8 /* UIViewExt.swift */; };
		EECAE4E01F8456020033DAC6 /* CreateGroupsVC.swift in Sources */ = {isa = PBXBuildFile; fileRef = EECAE4DF1F8456020033DAC6 /* CreateGroupsVC.swift */; };
		EECAE4E21F8459090033DAC6 /* UserCell.swift in Sources */ = {isa = PBXBuildFile; fileRef = EECAE4E11F8459090033DAC6 /* UserCell.swift */; };
		EECE077A1F81646200185DB5 /* AuthService.swift in Sources */ = {isa = PBXBuildFile; fileRef = EECE07791F81646200185DB5 /* AuthService.swift */; };
		F0EC25EA61EA5C48FC3A4E9D /* Pods_Breakpoint.framework in Frameworks */ = {isa = PBXBuildFile; fileRef = A70D9205C6096451052CA38F /* Pods_Breakpoint.framework */; };
/* End PBXBuildFile section */

/* Begin PBXFileReference section */
		2C8AB021DB331F08BC03E69D /* Pods-Breakpoint.debug.xcconfig */ = {isa = PBXFileReference; includeInIndex = 1; lastKnownFileType = text.xcconfig; name = "Pods-Breakpoint.debug.xcconfig"; path = "Pods/Target Support Files/Pods-Breakpoint/Pods-Breakpoint.debug.xcconfig"; sourceTree = "<group>"; };
		A48BCBE7D2F9EECA9019FD1F /* Pods-Breakpoint.release.xcconfig */ = {isa = PBXFileReference; includeInIndex = 1; lastKnownFileType = text.xcconfig; name = "Pods-Breakpoint.release.xcconfig"; path = "Pods/Target Support Files/Pods-Breakpoint/Pods-Breakpoint.release.xcconfig"; sourceTree = "<group>"; };
		A70D9205C6096451052CA38F /* Pods_Breakpoint.framework */ = {isa = PBXFileReference; explicitFileType = wrapper.framework; includeInIndex = 0; path = Pods_Breakpoint.framework; sourceTree = BUILT_PRODUCTS_DIR; };
		EE6AD78A1F840423006BC1ED /* FeedCell.swift */ = {isa = PBXFileReference; lastKnownFileType = sourcecode.swift; path = FeedCell.swift; sourceTree = "<group>"; };
		EE6AD78C1F840596006BC1ED /* Message.swift */ = {isa = PBXFileReference; lastKnownFileType = sourcecode.swift; path = Message.swift; sourceTree = "<group>"; };
		EE6AD7901F8409D5006BC1ED /* Constants.swift */ = {isa = PBXFileReference; lastKnownFileType = sourcecode.swift; path = Constants.swift; sourceTree = "<group>"; };
		EE95C36B1F893EAA00D01A87 /* GroupCell.swift */ = {isa = PBXFileReference; lastKnownFileType = sourcecode.swift; path = GroupCell.swift; sourceTree = "<group>"; };
		EE95C36D1F89590400D01A87 /* Groups.swift */ = {isa = PBXFileReference; lastKnownFileType = sourcecode.swift; path = Groups.swift; sourceTree = "<group>"; };
		EE968F231F7D917F0004E654 /* Breakpoint.app */ = {isa = PBXFileReference; explicitFileType = wrapper.application; includeInIndex = 0; path = Breakpoint.app; sourceTree = BUILT_PRODUCTS_DIR; };
		EE968F261F7D917F0004E654 /* AppDelegate.swift */ = {isa = PBXFileReference; lastKnownFileType = sourcecode.swift; path = AppDelegate.swift; sourceTree = "<group>"; };
		EE968F281F7D917F0004E654 /* FeedVC.swift */ = {isa = PBXFileReference; lastKnownFileType = sourcecode.swift; path = FeedVC.swift; sourceTree = "<group>"; };
		EE968F2A1F7D917F0004E654 /* GroupsVC.swift */ = {isa = PBXFileReference; lastKnownFileType = sourcecode.swift; path = GroupsVC.swift; sourceTree = "<group>"; };
		EE968F2D1F7D917F0004E654 /* Base */ = {isa = PBXFileReference; lastKnownFileType = file.storyboard; name = Base; path = Base.lproj/Main.storyboard; sourceTree = "<group>"; };
		EE968F2F1F7D917F0004E654 /* Assets.xcassets */ = {isa = PBXFileReference; lastKnownFileType = folder.assetcatalog; path = Assets.xcassets; sourceTree = "<group>"; };
		EE968F321F7D917F0004E654 /* Base */ = {isa = PBXFileReference; lastKnownFileType = file.storyboard; name = Base; path = Base.lproj/LaunchScreen.storyboard; sourceTree = "<group>"; };
		EE968F341F7D917F0004E654 /* Info.plist */ = {isa = PBXFileReference; lastKnownFileType = text.plist.xml; path = Info.plist; sourceTree = "<group>"; };
		EE968F3E1F7DC7C10004E654 /* GoogleService-Info.plist */ = {isa = PBXFileReference; lastKnownFileType = text.plist.xml; path = "GoogleService-Info.plist"; sourceTree = "<group>"; };
		EE968F401F7DCA4E0004E654 /* DataService.swift */ = {isa = PBXFileReference; lastKnownFileType = sourcecode.swift; path = DataService.swift; sourceTree = "<group>"; };
		EE968F421F7DCE750004E654 /* GradientView.swift */ = {isa = PBXFileReference; lastKnownFileType = sourcecode.swift; path = GradientView.swift; sourceTree = "<group>"; };
		EE9BF5CF1F7EB3420053E705 /* AuthVC.swift */ = {isa = PBXFileReference; lastKnownFileType = sourcecode.swift; path = AuthVC.swift; sourceTree = "<group>"; };
		EE9BF5D11F7EB4660053E705 /* LoginVC.swift */ = {isa = PBXFileReference; lastKnownFileType = sourcecode.swift; path = LoginVC.swift; sourceTree = "<group>"; };
		EE9BF5D31F7EB4C70053E705 /* InsetTextField.swift */ = {isa = PBXFileReference; lastKnownFileType = sourcecode.swift; path = InsetTextField.swift; sourceTree = "<group>"; };
		EE9BF5D61F7EE3B00053E705 /* ShadowView.swift */ = {isa = PBXFileReference; lastKnownFileType = sourcecode.swift; path = ShadowView.swift; sourceTree = "<group>"; };
		EEB71A1E1F82C638007717C8 /* MeVC.swift */ = {isa = PBXFileReference; lastKnownFileType = sourcecode.swift; path = MeVC.swift; sourceTree = "<group>"; };
		EEB71A201F82CA64007717C8 /* CreatePostVC.swift */ = {isa = PBXFileReference; lastKnownFileType = sourcecode.swift; path = CreatePostVC.swift; sourceTree = "<group>"; };
		EEB71A221F82D95D007717C8 /* UIViewExt.swift */ = {isa = PBXFileReference; lastKnownFileType = sourcecode.swift; path = UIViewExt.swift; sourceTree = "<group>"; };
		EECAE4DF1F8456020033DAC6 /* CreateGroupsVC.swift */ = {isa = PBXFileReference; lastKnownFileType = sourcecode.swift; path = CreateGroupsVC.swift; sourceTree = "<group>"; };
		EECAE4E11F8459090033DAC6 /* UserCell.swift */ = {isa = PBXFileReference; lastKnownFileType = sourcecode.swift; path = UserCell.swift; sourceTree = "<group>"; };
		EECE07791F81646200185DB5 /* AuthService.swift */ = {isa = PBXFileReference; lastKnownFileType = sourcecode.swift; path = AuthService.swift; sourceTree = "<group>"; };
/* End PBXFileReference section */

/* Begin PBXFrameworksBuildPhase section */
		EE968F201F7D917F0004E654 /* Frameworks */ = {
			isa = PBXFrameworksBuildPhase;
			buildActionMask = 2147483647;
			files = (
				F0EC25EA61EA5C48FC3A4E9D /* Pods_Breakpoint.framework in Frameworks */,
			);
			runOnlyForDeploymentPostprocessing = 0;
		};
/* End PBXFrameworksBuildPhase section */

/* Begin PBXGroup section */
		2F1EE8AAF9457E519E35D01A /* Pods */ = {
			isa = PBXGroup;
			children = (
				2C8AB021DB331F08BC03E69D /* Pods-Breakpoint.debug.xcconfig */,
				A48BCBE7D2F9EECA9019FD1F /* Pods-Breakpoint.release.xcconfig */,
			);
			name = Pods;
			sourceTree = "<group>";
		};
		82E469732A70AA540741F474 /* Frameworks */ = {
			isa = PBXGroup;
			children = (
				A70D9205C6096451052CA38F /* Pods_Breakpoint.framework */,
			);
			name = Frameworks;
			sourceTree = "<group>";
		};
		EE6AD78F1F8409C8006BC1ED /* Utilities */ = {
			isa = PBXGroup;
			children = (
				EE6AD7901F8409D5006BC1ED /* Constants.swift */,
			);
			path = Utilities;
			sourceTree = "<group>";
		};
		EE968F1A1F7D917F0004E654 = {
			isa = PBXGroup;
			children = (
				EE968F251F7D917F0004E654 /* Breakpoint */,
				EE968F241F7D917F0004E654 /* Products */,
				2F1EE8AAF9457E519E35D01A /* Pods */,
				82E469732A70AA540741F474 /* Frameworks */,
			);
			sourceTree = "<group>";
		};
		EE968F241F7D917F0004E654 /* Products */ = {
			isa = PBXGroup;
			children = (
				EE968F231F7D917F0004E654 /* Breakpoint.app */,
			);
			name = Products;
			sourceTree = "<group>";
		};
		EE968F251F7D917F0004E654 /* Breakpoint */ = {
			isa = PBXGroup;
			children = (
				EE6AD78F1F8409C8006BC1ED /* Utilities */,
				EE968F3F1F7DCA3C0004E654 /* Services */,
				EE968F3D1F7D919C0004E654 /* Extensions */,
				EE968F3C1F7D91970004E654 /* Model */,
				EE968F3B1F7D918F0004E654 /* View */,
				EE968F3A1F7D91850004E654 /* Controller */,
				EE968F261F7D917F0004E654 /* AppDelegate.swift */,
				EE968F2C1F7D917F0004E654 /* Main.storyboard */,
				EE968F2F1F7D917F0004E654 /* Assets.xcassets */,
				EE968F311F7D917F0004E654 /* LaunchScreen.storyboard */,
				EE968F341F7D917F0004E654 /* Info.plist */,
				EE968F3E1F7DC7C10004E654 /* GoogleService-Info.plist */,
			);
			path = Breakpoint;
			sourceTree = "<group>";
		};
		EE968F3A1F7D91850004E654 /* Controller */ = {
			isa = PBXGroup;
			children = (
				EE968F281F7D917F0004E654 /* FeedVC.swift */,
				EE968F2A1F7D917F0004E654 /* GroupsVC.swift */,
				EE9BF5CF1F7EB3420053E705 /* AuthVC.swift */,
				EE9BF5D11F7EB4660053E705 /* LoginVC.swift */,
				EEB71A1E1F82C638007717C8 /* MeVC.swift */,
				EEB71A201F82CA64007717C8 /* CreatePostVC.swift */,
				EECAE4DF1F8456020033DAC6 /* CreateGroupsVC.swift */,
			);
			path = Controller;
			sourceTree = "<group>";
		};
		EE968F3B1F7D918F0004E654 /* View */ = {
			isa = PBXGroup;
			children = (
				EE968F421F7DCE750004E654 /* GradientView.swift */,
				EE9BF5D31F7EB4C70053E705 /* InsetTextField.swift */,
				EE9BF5D61F7EE3B00053E705 /* ShadowView.swift */,
				EE6AD78A1F840423006BC1ED /* FeedCell.swift */,
				EECAE4E11F8459090033DAC6 /* UserCell.swift */,
				EE95C36B1F893EAA00D01A87 /* GroupCell.swift */,
			);
			path = View;
			sourceTree = "<group>";
		};
		EE968F3C1F7D91970004E654 /* Model */ = {
			isa = PBXGroup;
			children = (
				EE6AD78C1F840596006BC1ED /* Message.swift */,
				EE95C36D1F89590400D01A87 /* Groups.swift */,
			);
			path = Model;
			sourceTree = "<group>";
		};
		EE968F3D1F7D919C0004E654 /* Extensions */ = {
			isa = PBXGroup;
			children = (
				EEB71A221F82D95D007717C8 /* UIViewExt.swift */,
			);
			path = Extensions;
			sourceTree = "<group>";
		};
		EE968F3F1F7DCA3C0004E654 /* Services */ = {
			isa = PBXGroup;
			children = (
				EE968F401F7DCA4E0004E654 /* DataService.swift */,
				EECE07791F81646200185DB5 /* AuthService.swift */,
			);
			path = Services;
			sourceTree = "<group>";
		};
/* End PBXGroup section */

/* Begin PBXNativeTarget section */
		EE968F221F7D917F0004E654 /* Breakpoint */ = {
			isa = PBXNativeTarget;
			buildConfigurationList = EE968F371F7D917F0004E654 /* Build configuration list for PBXNativeTarget "Breakpoint" */;
			buildPhases = (
				AF58BBCF92AEC0961EC2E40D /* [CP] Check Pods Manifest.lock */,
				EE968F1F1F7D917F0004E654 /* Sources */,
				EE968F201F7D917F0004E654 /* Frameworks */,
				EE968F211F7D917F0004E654 /* Resources */,
				D606DCF2BEA7A005E59B2598 /* [CP] Embed Pods Frameworks */,
				EBA7B08524C3A80690A85331 /* [CP] Copy Pods Resources */,
			);
			buildRules = (
			);
			dependencies = (
			);
			name = Breakpoint;
			productName = Breakpoint;
			productReference = EE968F231F7D917F0004E654 /* Breakpoint.app */;
			productType = "com.apple.product-type.application";
		};
/* End PBXNativeTarget section */

/* Begin PBXProject section */
		EE968F1B1F7D917F0004E654 /* Project object */ = {
			isa = PBXProject;
			attributes = {
				LastSwiftUpdateCheck = 0900;
				LastUpgradeCheck = 0900;
				ORGANIZATIONNAME = "Matthew Tripodi";
				TargetAttributes = {
					EE968F221F7D917F0004E654 = {
						CreatedOnToolsVersion = 9.0;
						ProvisioningStyle = Automatic;
					};
				};
			};
			buildConfigurationList = EE968F1E1F7D917F0004E654 /* Build configuration list for PBXProject "Breakpoint" */;
			compatibilityVersion = "Xcode 8.0";
			developmentRegion = en;
			hasScannedForEncodings = 0;
			knownRegions = (
				en,
				Base,
			);
			mainGroup = EE968F1A1F7D917F0004E654;
			productRefGroup = EE968F241F7D917F0004E654 /* Products */;
			projectDirPath = "";
			projectRoot = "";
			targets = (
				EE968F221F7D917F0004E654 /* Breakpoint */,
			);
		};
/* End PBXProject section */

/* Begin PBXResourcesBuildPhase section */
		EE968F211F7D917F0004E654 /* Resources */ = {
			isa = PBXResourcesBuildPhase;
			buildActionMask = 2147483647;
			files = (
				EE968F331F7D917F0004E654 /* LaunchScreen.storyboard in Resources */,
				EE9BF5D51F7EE1730053E705 /* GoogleService-Info.plist in Resources */,
				EE968F301F7D917F0004E654 /* Assets.xcassets in Resources */,
				EE968F2E1F7D917F0004E654 /* Main.storyboard in Resources */,
			);
			runOnlyForDeploymentPostprocessing = 0;
		};
/* End PBXResourcesBuildPhase section */

/* Begin PBXShellScriptBuildPhase section */
		AF58BBCF92AEC0961EC2E40D /* [CP] Check Pods Manifest.lock */ = {
			isa = PBXShellScriptBuildPhase;
			buildActionMask = 2147483647;
			files = (
			);
			inputPaths = (
			);
			name = "[CP] Check Pods Manifest.lock";
			outputPaths = (
			);
			runOnlyForDeploymentPostprocessing = 0;
			shellPath = /bin/sh;
			shellScript = "diff \"${PODS_PODFILE_DIR_PATH}/Podfile.lock\" \"${PODS_ROOT}/Manifest.lock\" > /dev/null\nif [ $? != 0 ] ; then\n    # print error to STDERR\n    echo \"error: The sandbox is not in sync with the Podfile.lock. Run 'pod install' or update your CocoaPods installation.\" >&2\n    exit 1\nfi\n";
			showEnvVarsInLog = 0;
		};
		D606DCF2BEA7A005E59B2598 /* [CP] Embed Pods Frameworks */ = {
			isa = PBXShellScriptBuildPhase;
			buildActionMask = 2147483647;
			files = (
			);
			inputPaths = (
			);
			name = "[CP] Embed Pods Frameworks";
			outputPaths = (
			);
			runOnlyForDeploymentPostprocessing = 0;
			shellPath = /bin/sh;
			shellScript = "\"${SRCROOT}/Pods/Target Support Files/Pods-Breakpoint/Pods-Breakpoint-frameworks.sh\"\n";
			showEnvVarsInLog = 0;
		};
		EBA7B08524C3A80690A85331 /* [CP] Copy Pods Resources */ = {
			isa = PBXShellScriptBuildPhase;
			buildActionMask = 2147483647;
			files = (
			);
			inputPaths = (
			);
			name = "[CP] Copy Pods Resources";
			outputPaths = (
			);
			runOnlyForDeploymentPostprocessing = 0;
			shellPath = /bin/sh;
			shellScript = "\"${SRCROOT}/Pods/Target Support Files/Pods-Breakpoint/Pods-Breakpoint-resources.sh\"\n";
			showEnvVarsInLog = 0;
		};
/* End PBXShellScriptBuildPhase section */

/* Begin PBXSourcesBuildPhase section */
		EE968F1F1F7D917F0004E654 /* Sources */ = {
			isa = PBXSourcesBuildPhase;
			buildActionMask = 2147483647;
			files = (
				EEB71A231F82D95D007717C8 /* UIViewExt.swift in Sources */,
				EE9BF5D71F7EE3B00053E705 /* ShadowView.swift in Sources */,
				EE95C36C1F893EAA00D01A87 /* GroupCell.swift in Sources */,
				EE95C36E1F89590400D01A87 /* Groups.swift in Sources */,
				EE9BF5D01F7EB3420053E705 /* AuthVC.swift in Sources */,
				EE968F2B1F7D917F0004E654 /* GroupsVC.swift in Sources */,
				EE9BF5D21F7EB4660053E705 /* LoginVC.swift in Sources */,
				EE9BF5D41F7EB4C70053E705 /* InsetTextField.swift in Sources */,
				EE968F271F7D917F0004E654 /* AppDelegate.swift in Sources */,
				EE6AD7911F8409D5006BC1ED /* Constants.swift in Sources */,
				EE6AD78B1F840423006BC1ED /* FeedCell.swift in Sources */,
				EE9A960C1F7DCF9D0008274E /* GradientView.swift in Sources */,
				EEB71A1F1F82C638007717C8 /* MeVC.swift in Sources */,
				EEB71A211F82CA64007717C8 /* CreatePostVC.swift in Sources */,
				EECE077A1F81646200185DB5 /* AuthService.swift in Sources */,
				EE6AD78D1F840596006BC1ED /* Message.swift in Sources */,
				EECAE4E21F8459090033DAC6 /* UserCell.swift in Sources */,
				EE968F291F7D917F0004E654 /* FeedVC.swift in Sources */,
				EE968F411F7DCA4E0004E654 /* DataService.swift in Sources */,
				EECAE4E01F8456020033DAC6 /* CreateGroupsVC.swift in Sources */,
			);
			runOnlyForDeploymentPostprocessing = 0;
		};
/* End PBXSourcesBuildPhase section */

/* Begin PBXVariantGroup section */
		EE968F2C1F7D917F0004E654 /* Main.storyboard */ = {
			isa = PBXVariantGroup;
			children = (
				EE968F2D1F7D917F0004E654 /* Base */,
			);
			name = Main.storyboard;
			sourceTree = "<group>";
		};
		EE968F311F7D917F0004E654 /* LaunchScreen.storyboard */ = {
			isa = PBXVariantGroup;
			children = (
				EE968F321F7D917F0004E654 /* Base */,
			);
			name = LaunchScreen.storyboard;
			sourceTree = "<group>";
		};
/* End PBXVariantGroup section */

/* Begin XCBuildConfiguration section */
		EE968F351F7D917F0004E654 /* Debug */ = {
			isa = XCBuildConfiguration;
			buildSettings = {
				ALWAYS_SEARCH_USER_PATHS = NO;
				CLANG_ANALYZER_NONNULL = YES;
				CLANG_ANALYZER_NUMBER_OBJECT_CONVERSION = YES_AGGRESSIVE;
				CLANG_CXX_LANGUAGE_STANDARD = "gnu++14";
				CLANG_CXX_LIBRARY = "libc++";
				CLANG_ENABLE_MODULES = YES;
				CLANG_ENABLE_OBJC_ARC = YES;
				CLANG_WARN_BLOCK_CAPTURE_AUTORELEASING = YES;
				CLANG_WARN_BOOL_CONVERSION = YES;
				CLANG_WARN_COMMA = YES;
				CLANG_WARN_CONSTANT_CONVERSION = YES;
				CLANG_WARN_DIRECT_OBJC_ISA_USAGE = YES_ERROR;
				CLANG_WARN_DOCUMENTATION_COMMENTS = YES;
				CLANG_WARN_EMPTY_BODY = YES;
				CLANG_WARN_ENUM_CONVERSION = YES;
				CLANG_WARN_INFINITE_RECURSION = YES;
				CLANG_WARN_INT_CONVERSION = YES;
				CLANG_WARN_NON_LITERAL_NULL_CONVERSION = YES;
				CLANG_WARN_OBJC_LITERAL_CONVERSION = YES;
				CLANG_WARN_OBJC_ROOT_CLASS = YES_ERROR;
				CLANG_WARN_RANGE_LOOP_ANALYSIS = YES;
				CLANG_WARN_STRICT_PROTOTYPES = YES;
				CLANG_WARN_SUSPICIOUS_MOVE = YES;
				CLANG_WARN_UNGUARDED_AVAILABILITY = YES_AGGRESSIVE;
				CLANG_WARN_UNREACHABLE_CODE = YES;
				CLANG_WARN__DUPLICATE_METHOD_MATCH = YES;
				CODE_SIGN_IDENTITY = "iPhone Developer";
				COPY_PHASE_STRIP = NO;
				DEBUG_INFORMATION_FORMAT = dwarf;
				ENABLE_STRICT_OBJC_MSGSEND = YES;
				ENABLE_TESTABILITY = YES;
				GCC_C_LANGUAGE_STANDARD = gnu11;
				GCC_DYNAMIC_NO_PIC = NO;
				GCC_NO_COMMON_BLOCKS = YES;
				GCC_OPTIMIZATION_LEVEL = 0;
				GCC_PREPROCESSOR_DEFINITIONS = (
					"DEBUG=1",
					"$(inherited)",
				);
				GCC_WARN_64_TO_32_BIT_CONVERSION = YES;
				GCC_WARN_ABOUT_RETURN_TYPE = YES_ERROR;
				GCC_WARN_UNDECLARED_SELECTOR = YES;
				GCC_WARN_UNINITIALIZED_AUTOS = YES_AGGRESSIVE;
				GCC_WARN_UNUSED_FUNCTION = YES;
				GCC_WARN_UNUSED_VARIABLE = YES;
				IPHONEOS_DEPLOYMENT_TARGET = 11.0;
				MTL_ENABLE_DEBUG_INFO = YES;
				ONLY_ACTIVE_ARCH = YES;
				SDKROOT = iphoneos;
				SWIFT_ACTIVE_COMPILATION_CONDITIONS = DEBUG;
				SWIFT_OPTIMIZATION_LEVEL = "-Onone";
			};
			name = Debug;
		};
		EE968F361F7D917F0004E654 /* Release */ = {
			isa = XCBuildConfiguration;
			buildSettings = {
				ALWAYS_SEARCH_USER_PATHS = NO;
				CLANG_ANALYZER_NONNULL = YES;
				CLANG_ANALYZER_NUMBER_OBJECT_CONVERSION = YES_AGGRESSIVE;
				CLANG_CXX_LANGUAGE_STANDARD = "gnu++14";
				CLANG_CXX_LIBRARY = "libc++";
				CLANG_ENABLE_MODULES = YES;
				CLANG_ENABLE_OBJC_ARC = YES;
				CLANG_WARN_BLOCK_CAPTURE_AUTORELEASING = YES;
				CLANG_WARN_BOOL_CONVERSION = YES;
				CLANG_WARN_COMMA = YES;
				CLANG_WARN_CONSTANT_CONVERSION = YES;
				CLANG_WARN_DIRECT_OBJC_ISA_USAGE = YES_ERROR;
				CLANG_WARN_DOCUMENTATION_COMMENTS = YES;
				CLANG_WARN_EMPTY_BODY = YES;
				CLANG_WARN_ENUM_CONVERSION = YES;
				CLANG_WARN_INFINITE_RECURSION = YES;
				CLANG_WARN_INT_CONVERSION = YES;
				CLANG_WARN_NON_LITERAL_NULL_CONVERSION = YES;
				CLANG_WARN_OBJC_LITERAL_CONVERSION = YES;
				CLANG_WARN_OBJC_ROOT_CLASS = YES_ERROR;
				CLANG_WARN_RANGE_LOOP_ANALYSIS = YES;
				CLANG_WARN_STRICT_PROTOTYPES = YES;
				CLANG_WARN_SUSPICIOUS_MOVE = YES;
				CLANG_WARN_UNGUARDED_AVAILABILITY = YES_AGGRESSIVE;
				CLANG_WARN_UNREACHABLE_CODE = YES;
				CLANG_WARN__DUPLICATE_METHOD_MATCH = YES;
				CODE_SIGN_IDENTITY = "iPhone Developer";
				COPY_PHASE_STRIP = NO;
				DEBUG_INFORMATION_FORMAT = "dwarf-with-dsym";
				ENABLE_NS_ASSERTIONS = NO;
				ENABLE_STRICT_OBJC_MSGSEND = YES;
				GCC_C_LANGUAGE_STANDARD = gnu11;
				GCC_NO_COMMON_BLOCKS = YES;
				GCC_WARN_64_TO_32_BIT_CONVERSION = YES;
				GCC_WARN_ABOUT_RETURN_TYPE = YES_ERROR;
				GCC_WARN_UNDECLARED_SELECTOR = YES;
				GCC_WARN_UNINITIALIZED_AUTOS = YES_AGGRESSIVE;
				GCC_WARN_UNUSED_FUNCTION = YES;
				GCC_WARN_UNUSED_VARIABLE = YES;
				IPHONEOS_DEPLOYMENT_TARGET = 11.0;
				MTL_ENABLE_DEBUG_INFO = NO;
				SDKROOT = iphoneos;
				SWIFT_OPTIMIZATION_LEVEL = "-Owholemodule";
				VALIDATE_PRODUCT = YES;
			};
			name = Release;
		};
		EE968F381F7D917F0004E654 /* Debug */ = {
			isa = XCBuildConfiguration;
			baseConfigurationReference = 2C8AB021DB331F08BC03E69D /* Pods-Breakpoint.debug.xcconfig */;
			buildSettings = {
				ASSETCATALOG_COMPILER_APPICON_NAME = AppIcon;
				CODE_SIGN_STYLE = Automatic;
				DEVELOPMENT_TEAM = J5P95JSAVD;
				INFOPLIST_FILE = Breakpoint/Info.plist;
				LD_RUNPATH_SEARCH_PATHS = "$(inherited) @executable_path/Frameworks";
				PRODUCT_BUNDLE_IDENTIFIER = com.matthewtripodi.Breakpoint;
				PRODUCT_NAME = "$(TARGET_NAME)";
				SWIFT_VERSION = 4.0;
				TARGETED_DEVICE_FAMILY = "1,2";
			};
			name = Debug;
		};
		EE968F391F7D917F0004E654 /* Release */ = {
			isa = XCBuildConfiguration;
			baseConfigurationReference = A48BCBE7D2F9EECA9019FD1F /* Pods-Breakpoint.release.xcconfig */;
			buildSettings = {
				ASSETCATALOG_COMPILER_APPICON_NAME = AppIcon;
				CODE_SIGN_STYLE = Automatic;
				DEVELOPMENT_TEAM = J5P95JSAVD;
				INFOPLIST_FILE = Breakpoint/Info.plist;
				LD_RUNPATH_SEARCH_PATHS = "$(inherited) @executable_path/Frameworks";
				PRODUCT_BUNDLE_IDENTIFIER = com.matthewtripodi.Breakpoint;
				PRODUCT_NAME = "$(TARGET_NAME)";
				SWIFT_VERSION = 4.0;
				TARGETED_DEVICE_FAMILY = "1,2";
			};
			name = Release;
		};
/* End XCBuildConfiguration section */

/* Begin XCConfigurationList section */
		EE968F1E1F7D917F0004E654 /* Build configuration list for PBXProject "Breakpoint" */ = {
			isa = XCConfigurationList;
			buildConfigurations = (
				EE968F351F7D917F0004E654 /* Debug */,
				EE968F361F7D917F0004E654 /* Release */,
			);
			defaultConfigurationIsVisible = 0;
			defaultConfigurationName = Release;
		};
		EE968F371F7D917F0004E654 /* Build configuration list for PBXNativeTarget "Breakpoint" */ = {
			isa = XCConfigurationList;
			buildConfigurations = (
				EE968F381F7D917F0004E654 /* Debug */,
				EE968F391F7D917F0004E654 /* Release */,
			);
			defaultConfigurationIsVisible = 0;
			defaultConfigurationName = Release;
		};
/* End XCConfigurationList section */
	};
	rootObject = EE968F1B1F7D917F0004E654 /* Project object */;
}
